
Microsoft Visual Studio Solution File, Format Version 12.00
# Visual Studio Version 17
VisualStudioVersion = 17.13.35931.197 d17.13
MinimumVisualStudioVersion = 10.0.40219.1
Project("{FAE04EC0-301F-11D3-BF4B-00C04F79EFBC}") = "Task-1", "Task-1\Task-1.csproj", "{772919B3-1E61-4466-9706-E9C6976BB8C3}"
EndProject
Global
	GlobalSection(SolutionConfigurationPlatforms) = preSolution
		Debug|Any CPU = Debug|Any CPU
		Release|Any CPU = Release|Any CPU
	EndGlobalSection
	GlobalSection(ProjectConfigurationPlatforms) = postSolution
		{772919B3-1E61-4466-9706-E9C6976BB8C3}.Debug|Any CPU.ActiveCfg = Debug|Any CPU
		{772919B3-1E61-4466-9706-E9C6976BB8C3}.Debug|Any CPU.Build.0 = Debug|Any CPU
		{772919B3-1E61-4466-9706-E9C6976BB8C3}.Release|Any CPU.ActiveCfg = Release|Any CPU
		{772919B3-1E61-4466-9706-E9C6976BB8C3}.Release|Any CPU.Build.0 = Release|Any CPU
	EndGlobalSection
	GlobalSection(SolutionProperties) = preSolution
		HideSolutionNode = FALSE
	EndGlobalSection
	GlobalSection(ExtensibilityGlobals) = postSolution
		SolutionGuid = {52502506-7489-4C49-8271-1FA2EEFD313B}
	EndGlobalSection
EndGlobal
